
Microsoft Visual Studio Solution File, Format Version 12.00
# Visual Studio Version 16
VisualStudioVersion = 16.0.31624.102
MinimumVisualStudioVersion = 10.0.40219.1
Project("{FAE04EC0-301F-11D3-BF4B-00C04F79EFBC}") = "MediStop", "MediStop\MediStop.csproj", "{58BE824F-AFF5-4660-8572-FD8707FBD029}"
EndProject
Global
	GlobalSection(SolutionConfigurationPlatforms) = preSolution
		Debug|Any CPU = Debug|Any CPU
		Release|Any CPU = Release|Any CPU
	EndGlobalSection
	GlobalSection(ProjectConfigurationPlatforms) = postSolution
		{58BE824F-AFF5-4660-8572-FD8707FBD029}.Debug|Any CPU.ActiveCfg = Debug|Any CPU
		{58BE824F-AFF5-4660-8572-FD8707FBD029}.Debug|Any CPU.Build.0 = Debug|Any CPU
		{58BE824F-AFF5-4660-8572-FD8707FBD029}.Release|Any CPU.ActiveCfg = Release|Any CPU
		{58BE824F-AFF5-4660-8572-FD8707FBD029}.Release|Any CPU.Build.0 = Release|Any CPU
	EndGlobalSection
	GlobalSection(SolutionProperties) = preSolution
		HideSolutionNode = FALSE
	EndGlobalSection
	GlobalSection(ExtensibilityGlobals) = postSolution
		SolutionGuid = {66BBDB94-EFF2-44D8-86DC-7621CB9D1B47}
	EndGlobalSection
EndGlobal
